// !$*UTF8*$!
{
	archiveVersion = 1;
	classes = {
	};
	objectVersion = 56;
	objects = {

/* Begin PBXBuildFile section */
		A54A47CE29A791F500768551 /* AppDelegate.swift in Sources */ = {isa = PBXBuildFile; fileRef = A54A47CD29A791F500768551 /* AppDelegate.swift */; };
		A54A47D029A791F500768551 /* SceneDelegate.swift in Sources */ = {isa = PBXBuildFile; fileRef = A54A47CF29A791F500768551 /* SceneDelegate.swift */; };
		A54A47D229A791F500768551 /* ViewController.swift in Sources */ = {isa = PBXBuildFile; fileRef = A54A47D129A791F500768551 /* ViewController.swift */; };
		A54A47D529A791F500768551 /* Main.storyboard in Resources */ = {isa = PBXBuildFile; fileRef = A54A47D329A791F500768551 /* Main.storyboard */; };
		A54A47D729A791F700768551 /* Assets.xcassets in Resources */ = {isa = PBXBuildFile; fileRef = A54A47D629A791F700768551 /* Assets.xcassets */; };
		A54A47DA29A791F700768551 /* LaunchScreen.storyboard in Resources */ = {isa = PBXBuildFile; fileRef = A54A47D829A791F700768551 /* LaunchScreen.storyboard */; };
		A54A47E229A7920A00768551 /* Shaders.metal in Sources */ = {isa = PBXBuildFile; fileRef = A54A47E129A7920900768551 /* Shaders.metal */; };
		A59D664829FA74D300607F9D /* Camera.swift in Sources */ = {isa = PBXBuildFile; fileRef = A59D664729FA74D300607F9D /* Camera.swift */; };
/* End PBXBuildFile section */

/* Begin PBXFileReference section */
		A54A47CA29A791F500768551 /* Caramellights.app */ = {isa = PBXFileReference; explicitFileType = wrapper.application; includeInIndex = 0; path = Caramellights.app; sourceTree = BUILT_PRODUCTS_DIR; };
		A54A47CD29A791F500768551 /* AppDelegate.swift */ = {isa = PBXFileReference; lastKnownFileType = sourcecode.swift; path = AppDelegate.swift; sourceTree = "<group>"; };
		A54A47CF29A791F500768551 /* SceneDelegate.swift */ = {isa = PBXFileReference; lastKnownFileType = sourcecode.swift; path = SceneDelegate.swift; sourceTree = "<group>"; };
		A54A47D129A791F500768551 /* ViewController.swift */ = {isa = PBXFileReference; lastKnownFileType = sourcecode.swift; path = ViewController.swift; sourceTree = "<group>"; };
		A54A47D429A791F500768551 /* Base */ = {isa = PBXFileReference; lastKnownFileType = file.storyboard; name = Base; path = Base.lproj/Main.storyboard; sourceTree = "<group>"; };
		A54A47D629A791F700768551 /* Assets.xcassets */ = {isa = PBXFileReference; lastKnownFileType = folder.assetcatalog; path = Assets.xcassets; sourceTree = "<group>"; };
		A54A47D929A791F700768551 /* Base */ = {isa = PBXFileReference; lastKnownFileType = file.storyboard; name = Base; path = Base.lproj/LaunchScreen.storyboard; sourceTree = "<group>"; };
		A54A47DB29A791F700768551 /* Info.plist */ = {isa = PBXFileReference; lastKnownFileType = text.plist.xml; path = Info.plist; sourceTree = "<group>"; };
		A54A47E129A7920900768551 /* Shaders.metal */ = {isa = PBXFileReference; fileEncoding = 4; lastKnownFileType = sourcecode.metal; path = Shaders.metal; sourceTree = "<group>"; };
		A59D664729FA74D300607F9D /* Camera.swift */ = {isa = PBXFileReference; fileEncoding = 4; lastKnownFileType = sourcecode.swift; path = Camera.swift; sourceTree = "<group>"; };
/* End PBXFileReference section */

/* Begin PBXFrameworksBuildPhase section */
		A54A47C729A791F500768551 /* Frameworks */ = {
			isa = PBXFrameworksBuildPhase;
			buildActionMask = 2147483647;
			files = (
			);
			runOnlyForDeploymentPostprocessing = 0;
		};
/* End PBXFrameworksBuildPhase section */

/* Begin PBXGroup section */
		A54A47C129A791F500768551 = {
			isa = PBXGroup;
			children = (
				A54A47CC29A791F500768551 /* CaramelldansenLights */,
				A54A47CB29A791F500768551 /* Products */,
			);
			sourceTree = "<group>";
		};
		A54A47CB29A791F500768551 /* Products */ = {
			isa = PBXGroup;
			children = (
				A54A47CA29A791F500768551 /* Caramellights.app */,
			);
			name = Products;
			sourceTree = "<group>";
		};
		A54A47CC29A791F500768551 /* CaramelldansenLights */ = {
			isa = PBXGroup;
			children = (
				A54A47E129A7920900768551 /* Shaders.metal */,
				A54A47CD29A791F500768551 /* AppDelegate.swift */,
				A54A47CF29A791F500768551 /* SceneDelegate.swift */,
				A54A47D129A791F500768551 /* ViewController.swift */,
				A59D664729FA74D300607F9D /* Camera.swift */,
				A54A47D329A791F500768551 /* Main.storyboard */,
				A54A47D629A791F700768551 /* Assets.xcassets */,
				A54A47D829A791F700768551 /* LaunchScreen.storyboard */,
				A54A47DB29A791F700768551 /* Info.plist */,
			);
			path = CaramelldansenLights;
			sourceTree = "<group>";
		};
/* End PBXGroup section */

/* Begin PBXNativeTarget section */
		A54A47C929A791F500768551 /* Caramellights */ = {
			isa = PBXNativeTarget;
			buildConfigurationList = A54A47DE29A791F700768551 /* Build configuration list for PBXNativeTarget "Caramellights" */;
			buildPhases = (
				A54A47C629A791F500768551 /* Sources */,
				A54A47C729A791F500768551 /* Frameworks */,
				A54A47C829A791F500768551 /* Resources */,
			);
			buildRules = (
			);
			dependencies = (
			);
			name = Caramellights;
			productName = CaramelldansenLights;
			productReference = A54A47CA29A791F500768551 /* Caramellights.app */;
			productType = "com.apple.product-type.application";
		};
/* End PBXNativeTarget section */

/* Begin PBXProject section */
		A54A47C229A791F500768551 /* Project object */ = {
			isa = PBXProject;
			attributes = {
				BuildIndependentTargetsInParallel = 1;
				LastSwiftUpdateCheck = 1420;
				LastUpgradeCheck = 1420;
				TargetAttributes = {
					A54A47C929A791F500768551 = {
						CreatedOnToolsVersion = 14.2;
					};
				};
			};
			buildConfigurationList = A54A47C529A791F500768551 /* Build configuration list for PBXProject "CaramelldansenLights" */;
			compatibilityVersion = "Xcode 14.0";
			developmentRegion = en;
			hasScannedForEncodings = 0;
			knownRegions = (
				en,
				Base,
			);
			mainGroup = A54A47C129A791F500768551;
			productRefGroup = A54A47CB29A791F500768551 /* Products */;
			projectDirPath = "";
			projectRoot = "";
			targets = (
				A54A47C929A791F500768551 /* Caramellights */,
			);
		};
/* End PBXProject section */

/* Begin PBXResourcesBuildPhase section */
		A54A47C829A791F500768551 /* Resources */ = {
			isa = PBXResourcesBuildPhase;
			buildActionMask = 2147483647;
			files = (
				A54A47DA29A791F700768551 /* LaunchScreen.storyboard in Resources */,
				A54A47D729A791F700768551 /* Assets.xcassets in Resources */,
				A54A47D529A791F500768551 /* Main.storyboard in Resources */,
			);
			runOnlyForDeploymentPostprocessing = 0;
		};
/* End PBXResourcesBuildPhase section */

/* Begin PBXSourcesBuildPhase section */
		A54A47C629A791F500768551 /* Sources */ = {
			isa = PBXSourcesBuildPhase;
			buildActionMask = 2147483647;
			files = (
				A54A47E229A7920A00768551 /* Shaders.metal in Sources */,
				A59D664829FA74D300607F9D /* Camera.swift in Sources */,
				A54A47D229A791F500768551 /* ViewController.swift in Sources */,
				A54A47CE29A791F500768551 /* AppDelegate.swift in Sources */,
				A54A47D029A791F500768551 /* SceneDelegate.swift in Sources */,
			);
			runOnlyForDeploymentPostprocessing = 0;
		};
/* End PBXSourcesBuildPhase section */

/* Begin PBXVariantGroup section */
		A54A47D329A791F500768551 /* Main.storyboard */ = {
			isa = PBXVariantGroup;
			children = (
				A54A47D429A791F500768551 /* Base */,
			);
			name = Main.storyboard;
			sourceTree = "<group>";
		};
		A54A47D829A791F700768551 /* LaunchScreen.storyboard */ = {
			isa = PBXVariantGroup;
			children = (
				A54A47D929A791F700768551 /* Base */,
			);
			name = LaunchScreen.storyboard;
			sourceTree = "<group>";
		};
/* End PBXVariantGroup section */

/* Begin XCBuildConfiguration section */
		A54A47DC29A791F700768551 /* Debug */ = {
			isa = XCBuildConfiguration;
			buildSettings = {
				ALWAYS_SEARCH_USER_PATHS = NO;
				CLANG_ANALYZER_NONNULL = YES;
				CLANG_ANALYZER_NUMBER_OBJECT_CONVERSION = YES_AGGRESSIVE;
				CLANG_CXX_LANGUAGE_STANDARD = "gnu++20";
				CLANG_ENABLE_MODULES = YES;
				CLANG_ENABLE_OBJC_ARC = YES;
				CLANG_ENABLE_OBJC_WEAK = YES;
				CLANG_WARN_BLOCK_CAPTURE_AUTORELEASING = YES;
				CLANG_WARN_BOOL_CONVERSION = YES;
				CLANG_WARN_COMMA = YES;
				CLANG_WARN_CONSTANT_CONVERSION = YES;
				CLANG_WARN_DEPRECATED_OBJC_IMPLEMENTATIONS = YES;
				CLANG_WARN_DIRECT_OBJC_ISA_USAGE = YES_ERROR;
				CLANG_WARN_DOCUMENTATION_COMMENTS = YES;
				CLANG_WARN_EMPTY_BODY = YES;
				CLANG_WARN_ENUM_CONVERSION = YES;
				CLANG_WARN_INFINITE_RECURSION = YES;
				CLANG_WARN_INT_CONVERSION = YES;
				CLANG_WARN_NON_LITERAL_NULL_CONVERSION = YES;
				CLANG_WARN_OBJC_IMPLICIT_RETAIN_SELF = YES;
				CLANG_WARN_OBJC_LITERAL_CONVERSION = YES;
				CLANG_WARN_OBJC_ROOT_CLASS = YES_ERROR;
				CLANG_WARN_QUOTED_INCLUDE_IN_FRAMEWORK_HEADER = YES;
				CLANG_WARN_RANGE_LOOP_ANALYSIS = YES;
				CLANG_WARN_STRICT_PROTOTYPES = YES;
				CLANG_WARN_SUSPICIOUS_MOVE = YES;
				CLANG_WARN_UNGUARDED_AVAILABILITY = YES_AGGRESSIVE;
				CLANG_WARN_UNREACHABLE_CODE = YES;
				CLANG_WARN__DUPLICATE_METHOD_MATCH = YES;
				COPY_PHASE_STRIP = NO;
				DEBUG_INFORMATION_FORMAT = dwarf;
				ENABLE_STRICT_OBJC_MSGSEND = YES;
				ENABLE_TESTABILITY = YES;
				GCC_C_LANGUAGE_STANDARD = gnu11;
				GCC_DYNAMIC_NO_PIC = NO;
				GCC_NO_COMMON_BLOCKS = YES;
				GCC_OPTIMIZATION_LEVEL = 0;
				GCC_PREPROCESSOR_DEFINITIONS = (
					"DEBUG=1",
					"$(inherited)",
				);
				GCC_WARN_64_TO_32_BIT_CONVERSION = YES;
				GCC_WARN_ABOUT_RETURN_TYPE = YES_ERROR;
				GCC_WARN_UNDECLARED_SELECTOR = YES;
				GCC_WARN_UNINITIALIZED_AUTOS = YES_AGGRESSIVE;
				GCC_WARN_UNUSED_FUNCTION = YES;
				GCC_WARN_UNUSED_VARIABLE = YES;
				IPHONEOS_DEPLOYMENT_TARGET = 16.2;
				MTL_ENABLE_DEBUG_INFO = INCLUDE_SOURCE;
				MTL_FAST_MATH = YES;
				ONLY_ACTIVE_ARCH = YES;
				SDKROOT = iphoneos;
				SWIFT_ACTIVE_COMPILATION_CONDITIONS = DEBUG;
				SWIFT_OPTIMIZATION_LEVEL = "-Onone";
			};
			name = Debug;
		};
		A54A47DD29A791F700768551 /* Release */ = {
			isa = XCBuildConfiguration;
			buildSettings = {
				ALWAYS_SEARCH_USER_PATHS = NO;
				CLANG_ANALYZER_NONNULL = YES;
				CLANG_ANALYZER_NUMBER_OBJECT_CONVERSION = YES_AGGRESSIVE;
				CLANG_CXX_LANGUAGE_STANDARD = "gnu++20";
				CLANG_ENABLE_MODULES = YES;
				CLANG_ENABLE_OBJC_ARC = YES;
				CLANG_ENABLE_OBJC_WEAK = YES;
				CLANG_WARN_BLOCK_CAPTURE_AUTORELEASING = YES;
				CLANG_WARN_BOOL_CONVERSION = YES;
				CLANG_WARN_COMMA = YES;
				CLANG_WARN_CONSTANT_CONVERSION = YES;
				CLANG_WARN_DEPRECATED_OBJC_IMPLEMENTATIONS = YES;
				CLANG_WARN_DIRECT_OBJC_ISA_USAGE = YES_ERROR;
				CLANG_WARN_DOCUMENTATION_COMMENTS = YES;
				CLANG_WARN_EMPTY_BODY = YES;
				CLANG_WARN_ENUM_CONVERSION = YES;
				CLANG_WARN_INFINITE_RECURSION = YES;
				CLANG_WARN_INT_CONVERSION = YES;
				CLANG_WARN_NON_LITERAL_NULL_CONVERSION = YES;
				CLANG_WARN_OBJC_IMPLICIT_RETAIN_SELF = YES;
				CLANG_WARN_OBJC_LITERAL_CONVERSION = YES;
				CLANG_WARN_OBJC_ROOT_CLASS = YES_ERROR;
				CLANG_WARN_QUOTED_INCLUDE_IN_FRAMEWORK_HEADER = YES;
				CLANG_WARN_RANGE_LOOP_ANALYSIS = YES;
				CLANG_WARN_STRICT_PROTOTYPES = YES;
				CLANG_WARN_SUSPICIOUS_MOVE = YES;
				CLANG_WARN_UNGUARDED_AVAILABILITY = YES_AGGRESSIVE;
				CLANG_WARN_UNREACHABLE_CODE = YES;
				CLANG_WARN__DUPLICATE_METHOD_MATCH = YES;
				COPY_PHASE_STRIP = NO;
				DEBUG_INFORMATION_FORMAT = "dwarf-with-dsym";
				ENABLE_NS_ASSERTIONS = NO;
				ENABLE_STRICT_OBJC_MSGSEND = YES;
				GCC_C_LANGUAGE_STANDARD = gnu11;
				GCC_NO_COMMON_BLOCKS = YES;
				GCC_WARN_64_TO_32_BIT_CONVERSION = YES;
				GCC_WARN_ABOUT_RETURN_TYPE = YES_ERROR;
				GCC_WARN_UNDECLARED_SELECTOR = YES;
				GCC_WARN_UNINITIALIZED_AUTOS = YES_AGGRESSIVE;
				GCC_WARN_UNUSED_FUNCTION = YES;
				GCC_WARN_UNUSED_VARIABLE = YES;
				IPHONEOS_DEPLOYMENT_TARGET = 16.2;
				MTL_ENABLE_DEBUG_INFO = NO;
				MTL_FAST_MATH = YES;
				SDKROOT = iphoneos;
				SWIFT_COMPILATION_MODE = wholemodule;
				SWIFT_OPTIMIZATION_LEVEL = "-O";
				VALIDATE_PRODUCT = YES;
			};
			name = Release;
		};
		A54A47DF29A791F700768551 /* Debug */ = {
			isa = XCBuildConfiguration;
			buildSettings = {
				ASSETCATALOG_COMPILER_APPICON_NAME = AppIcon;
				ASSETCATALOG_COMPILER_GLOBAL_ACCENT_COLOR_NAME = AccentColor;
				CODE_SIGN_STYLE = Automatic;
				CURRENT_PROJECT_VERSION = 1;
				DEVELOPMENT_TEAM = HWH3NJSRP6;
				GENERATE_INFOPLIST_FILE = YES;
				INFOPLIST_FILE = CaramelldansenLights/Info.plist;
				INFOPLIST_KEY_CFBundleDisplayName = Caramellights;
				INFOPLIST_KEY_LSApplicationCategoryType = "public.app-category.entertainment";
				INFOPLIST_KEY_UIApplicationSupportsIndirectInputEvents = YES;
				INFOPLIST_KEY_UILaunchStoryboardName = LaunchScreen;
				INFOPLIST_KEY_UIMainStoryboardFile = Main;
				INFOPLIST_KEY_UISupportedInterfaceOrientations = UIInterfaceOrientationPortrait;
				IPHONEOS_DEPLOYMENT_TARGET = 14.0;
				LD_RUNPATH_SEARCH_PATHS = (
					"$(inherited)",
					"@executable_path/Frameworks",
				);
				MARKETING_VERSION = 1.0;
				PRODUCT_BUNDLE_IDENTIFIER = com.zoobras.CaramelldansenLights;
				PRODUCT_NAME = "$(TARGET_NAME)";
				SWIFT_EMIT_LOC_STRINGS = YES;
				SWIFT_VERSION = 5.0;
				TARGETED_DEVICE_FAMILY = "1,2";
			};
			name = Debug;
		};
		A54A47E029A791F700768551 /* Release */ = {
			isa = XCBuildConfiguration;
			buildSettings = {
				ASSETCATALOG_COMPILER_APPICON_NAME = AppIcon;
				ASSETCATALOG_COMPILER_GLOBAL_ACCENT_COLOR_NAME = AccentColor;
				CODE_SIGN_STYLE = Automatic;
				CURRENT_PROJECT_VERSION = 1;
				DEVELOPMENT_TEAM = HWH3NJSRP6;
				GENERATE_INFOPLIST_FILE = YES;
				INFOPLIST_FILE = CaramelldansenLights/Info.plist;
				INFOPLIST_KEY_CFBundleDisplayName = Caramellights;
				INFOPLIST_KEY_LSApplicationCategoryType = "public.app-category.entertainment";
				INFOPLIST_KEY_UIApplicationSupportsIndirectInputEvents = YES;
				INFOPLIST_KEY_UILaunchStoryboardName = LaunchScreen;
				INFOPLIST_KEY_UIMainStoryboardFile = Main;
				INFOPLIST_KEY_UISupportedInterfaceOrientations = UIInterfaceOrientationPortrait;
				IPHONEOS_DEPLOYMENT_TARGET = 14.0;
				LD_RUNPATH_SEARCH_PATHS = (
					"$(inherited)",
					"@executable_path/Frameworks",
				);
				MARKETING_VERSION = 1.0;
				PRODUCT_BUNDLE_IDENTIFIER = com.zoobras.CaramelldansenLights;
				PRODUCT_NAME = "$(TARGET_NAME)";
				SWIFT_EMIT_LOC_STRINGS = YES;
				SWIFT_VERSION = 5.0;
				TARGETED_DEVICE_FAMILY = "1,2";
			};
			name = Release;
		};
/* End XCBuildConfiguration section */

/* Begin XCConfigurationList section */
		A54A47C529A791F500768551 /* Build configuration list for PBXProject "CaramelldansenLights" */ = {
			isa = XCConfigurationList;
			buildConfigurations = (
				A54A47DC29A791F700768551 /* Debug */,
				A54A47DD29A791F700768551 /* Release */,
			);
			defaultConfigurationIsVisible = 0;
			defaultConfigurationName = Release;
		};
		A54A47DE29A791F700768551 /* Build configuration list for PBXNativeTarget "Caramellights" */ = {
			isa = XCConfigurationList;
			buildConfigurations = (
				A54A47DF29A791F700768551 /* Debug */,
				A54A47E029A791F700768551 /* Release */,
			);
			defaultConfigurationIsVisible = 0;
			defaultConfigurationName = Release;
		};
/* End XCConfigurationList section */
	};
	rootObject = A54A47C229A791F500768551 /* Project object */;
}
